# THIS IS AN AUTOGENERATED FILE. DO NOT EDIT THIS FILE DIRECTLY.
# yarn lockfile v1


"@babel/helper-string-parser@^7.18.10":
  version "7.18.10"
  resolved "https://registry-npm.daojia-inc.com/@babel/helper-string-parser/download/@babel/helper-string-parser-7.18.10.tgz#181f22d28ebe1b3857fa575f5c290b1aaf659b56"
  integrity sha1-GB8i0o6+GzhX+ldfXCkLGq9lm1Y=

"@babel/helper-validator-identifier@^7.18.6":
  version "7.18.6"
  resolved "https://registry-npm.daojia-inc.com/@babel/helper-validator-identifier/download/@babel/helper-validator-identifier-7.18.6.tgz#9c97e30d31b2b8c72a1d08984f2ca9b574d7a076"
  integrity sha1-nJfjDTGyuMcqHQiYTyyptXTXoHY=

"@babel/parser@^7.16.4", "@babel/parser@^7.6.0", "@babel/parser@^7.9.6":
  version "7.18.9"
  resolved "https://registry-npm.daojia-inc.com/@babel/parser/download/@babel/parser-7.18.9.tgz#f2dde0c682ccc264a9a8595efd030a5cc8fd2539"
  integrity sha1-8t3gxoLMwmSpqFle/QMKXMj9JTk=

"@babel/types@^7.6.1", "@babel/types@^7.9.6":
  version "7.18.10"
  resolved "https://registry-npm.daojia-inc.com/@babel/types/download/@babel/types-7.18.10.tgz#4908e81b6b339ca7c6b7a555a5fc29446f26dde6"
  integrity sha1-SQjoG2sznKfGt6VVpfwpRG8m3eY=
  dependencies:
    "@babel/helper-string-parser" "^7.18.10"
    "@babel/helper-validator-identifier" "^7.18.6"
    to-fast-properties "^2.0.0"

"@emmetio/abbreviation@^2.2.3":
  version "2.2.3"
  resolved "https://registry-npm.daojia-inc.com/@emmetio/abbreviation/download/@emmetio/abbreviation-2.2.3.tgz#2b3c0383c1a4652f677d5b56fb3f1616fe16ef10"
  integrity sha1-KzwDg8GkZS9nfVtW+z8WFv4W7xA=
  dependencies:
    "@emmetio/scanner" "^1.0.0"

"@emmetio/css-abbreviation@^2.1.4":
  version "2.1.4"
  resolved "https://registry-npm.daojia-inc.com/@emmetio/css-abbreviation/download/@emmetio/css-abbreviation-2.1.4.tgz#90362e8a1122ce3b76f6c3157907d30182f53f54"
  integrity sha1-kDYuihEizjt29sMVeQfTAYL1P1Q=
  dependencies:
    "@emmetio/scanner" "^1.0.0"

"@emmetio/scanner@^1.0.0":
  version "1.0.0"
  resolved "https://registry-npm.daojia-inc.com/@emmetio/scanner/download/@emmetio/scanner-1.0.0.tgz#065b2af6233fe7474d44823e3deb89724af42b5f"
  integrity sha1-Blsq9iM/50dNRII+PeuJckr0K18=

"@vitejs/plugin-vue@^1.3.0":
  version "1.10.2"
  resolved "https://registry-npm.daojia-inc.com/@vitejs/plugin-vue/download/@vitejs/plugin-vue-1.10.2.tgz#d718479e2789d8a94b63e00f23f1898ba239253a"
  integrity sha1-1xhHnieJ2KlLY+API/GJi6I5JTo=

"@volar/code-gen@^0.27.24":
  version "0.27.24"
  resolved "https://registry-npm.daojia-inc.com/@volar/code-gen/download/@volar/code-gen-0.27.24.tgz#ccdbe858951c1ee4e0c3979232d52412dc46756a"
  integrity sha1-zNvoWJUcHuTgw5eSMtUkEtxGdWo=
  dependencies:
    "@volar/shared" "^0.27.24"
    "@volar/source-map" "^0.27.24"

"@volar/html2pug@^0.27.13":
  version "0.27.13"
  resolved "https://registry-npm.daojia-inc.com/@volar/html2pug/download/@volar/html2pug-0.27.13.tgz#48dfa73ecf1ef1955a02a046d0c88845950fac85"
  integrity sha1-SN+nPs8e8ZVaAqBG0MiIRZUPrIU=
  dependencies:
    domelementtype "^2.2.0"
    domhandler "^4.2.0"
    htmlparser2 "^6.1.0"
    pug "^3.0.2"

"@volar/shared@^0.27.24":
  version "0.27.24"
  resolved "https://registry-npm.daojia-inc.com/@volar/shared/download/@volar/shared-0.27.24.tgz#a33457ec8ac0b0d367ed54c9e21913a5f8c2d6c2"
  integrity sha1-ozRX7IrAsNNn7VTJ4hkTpfjC1sI=
  dependencies:
    upath "^2.0.1"
    vscode-jsonrpc "^8.0.0-next.2"
    vscode-uri "^3.0.2"

"@volar/source-map@^0.27.24":
  version "0.27.24"
  resolved "https://registry-npm.daojia-inc.com/@volar/source-map/download/@volar/source-map-0.27.24.tgz#60f2e070c169be82cbf7ffa296a30c2823c5205f"
  integrity sha1-YPLgcMFpvoLL9/+ilqMMKCPFIF8=
  dependencies:
    "@volar/shared" "^0.27.24"

"@volar/transforms@^0.27.24":
  version "0.27.24"
  resolved "https://registry-npm.daojia-inc.com/@volar/transforms/download/@volar/transforms-0.27.24.tgz#68ebc53dca2e36884e247c0866ec3d24ed815784"
  integrity sha1-aOvFPcouNohOJHwIZuw9JO2BV4Q=
  dependencies:
    "@volar/shared" "^0.27.24"
    vscode-languageserver "^8.0.0-next.2"

"@vscode/emmet-helper@^2.7.0":
  version "2.8.4"
  resolved "https://registry-npm.daojia-inc.com/@vscode/emmet-helper/download/@vscode/emmet-helper-2.8.4.tgz#ab937e3ce79b0873c604d1ad50a9eeb7abae2937"
  integrity sha1-q5N+POebCHPGBNGtUKnut6uuKTc=
  dependencies:
    emmet "^2.3.0"
    jsonc-parser "^2.3.0"
    vscode-languageserver-textdocument "^1.0.1"
    vscode-languageserver-types "^3.15.1"
    vscode-nls "^5.0.0"
    vscode-uri "^2.1.2"

"@vue/compiler-core@3.2.37":
  version "3.2.37"
  resolved "https://registry-npm.daojia-inc.com/@vue/compiler-core/download/@vue/compiler-core-3.2.37.tgz#b3c42e04c0e0f2c496ff1784e543fbefe91e215a"
  integrity sha1-s8QuBMDg8sSW/xeE5UP77+keIVo=
  dependencies:
    "@babel/parser" "^7.16.4"
    "@vue/shared" "3.2.37"
    estree-walker "^2.0.2"
    source-map "^0.6.1"

"@vue/compiler-dom@3.2.37", "@vue/compiler-dom@^3.2.19":
  version "3.2.37"
  resolved "https://registry-npm.daojia-inc.com/@vue/compiler-dom/download/@vue/compiler-dom-3.2.37.tgz#10d2427a789e7c707c872da9d678c82a0c6582b5"
  integrity sha1-ENJCeniefHB8hy2p1njIKgxlgrU=
  dependencies:
    "@vue/compiler-core" "3.2.37"
    "@vue/shared" "3.2.37"

"@vue/compiler-sfc@3.2.37", "@vue/compiler-sfc@^3.0.5":
  version "3.2.37"
  resolved "https://registry-npm.daojia-inc.com/@vue/compiler-sfc/download/@vue/compiler-sfc-3.2.37.tgz#3103af3da2f40286edcd85ea495dcb35bc7f5ff4"
  integrity sha1-MQOvPaL0AobtzYXqSV3LNbx/X/Q=
  dependencies:
    "@babel/parser" "^7.16.4"
    "@vue/compiler-core" "3.2.37"
    "@vue/compiler-dom" "3.2.37"
    "@vue/compiler-ssr" "3.2.37"
    "@vue/reactivity-transform" "3.2.37"
    "@vue/shared" "3.2.37"
    estree-walker "^2.0.2"
    magic-string "^0.25.7"
    postcss "^8.1.10"
    source-map "^0.6.1"

"@vue/compiler-ssr@3.2.37":
  version "3.2.37"
  resolved "https://registry-npm.daojia-inc.com/@vue/compiler-ssr/download/@vue/compiler-ssr-3.2.37.tgz#4899d19f3a5fafd61524a9d1aee8eb0505313cff"
  integrity sha1-SJnRnzpfr9YVJKnRrujrBQUxPP8=
  dependencies:
    "@vue/compiler-dom" "3.2.37"
    "@vue/shared" "3.2.37"

"@vue/reactivity-transform@3.2.37":
  version "3.2.37"
  resolved "https://registry-npm.daojia-inc.com/@vue/reactivity-transform/download/@vue/reactivity-transform-3.2.37.tgz#0caa47c4344df4ae59f5a05dde2a8758829f8eca"
  integrity sha1-DKpHxDRN9K5Z9aBd3iqHWIKfjso=
  dependencies:
    "@babel/parser" "^7.16.4"
    "@vue/compiler-core" "3.2.37"
    "@vue/shared" "3.2.37"
    estree-walker "^2.0.2"
    magic-string "^0.25.7"

"@vue/reactivity@3.2.37", "@vue/reactivity@^3.2.19":
  version "3.2.37"
  resolved "https://registry-npm.daojia-inc.com/@vue/reactivity/download/@vue/reactivity-3.2.37.tgz#5bc3847ac58828e2b78526e08219e0a1089f8848"
  integrity sha1-W8OEesWIKOK3hSbgghngoQifiEg=
  dependencies:
    "@vue/shared" "3.2.37"

"@vue/runtime-core@3.2.37":
  version "3.2.37"
  resolved "https://registry-npm.daojia-inc.com/@vue/runtime-core/download/@vue/runtime-core-3.2.37.tgz#7ba7c54bb56e5d70edfc2f05766e1ca8519966e3"
  integrity sha1-e6fFS7VuXXDt/C8Fdm4cqFGZZuM=
  dependencies:
    "@vue/reactivity" "3.2.37"
    "@vue/shared" "3.2.37"

"@vue/runtime-dom@3.2.37":
  version "3.2.37"
  resolved "https://registry-npm.daojia-inc.com/@vue/runtime-dom/download/@vue/runtime-dom-3.2.37.tgz#002bdc8228fa63949317756fb1e92cdd3f9f4bbd"
  integrity sha1-ACvcgij6Y5STF3Vvseks3T+fS70=
  dependencies:
    "@vue/runtime-core" "3.2.37"
    "@vue/shared" "3.2.37"
    csstype "^2.6.8"

"@vue/server-renderer@3.2.37":
  version "3.2.37"
  resolved "https://registry-npm.daojia-inc.com/@vue/server-renderer/download/@vue/server-renderer-3.2.37.tgz#840a29c8dcc29bddd9b5f5ffa22b95c0e72afdfc"
  integrity sha1-hAopyNzCm93ZtfX/oiuVwOcq/fw=
  dependencies:
    "@vue/compiler-ssr" "3.2.37"
    "@vue/shared" "3.2.37"

"@vue/shared@3.2.37", "@vue/shared@^3.2.19":
  version "3.2.37"
  resolved "https://registry-npm.daojia-inc.com/@vue/shared/download/@vue/shared-3.2.37.tgz#8e6adc3f2759af52f0e85863dfb0b711ecc5c702"
  integrity sha1-jmrcPydZr1Lw6Fhj37C3EezFxwI=

acorn@^7.1.1:
  version "7.4.1"
  resolved "https://registry-npm.daojia-inc.com/acorn/download/acorn-7.4.1.tgz#feaed255973d2e77555b83dbc08851a6c63520fa"
  integrity sha1-/q7SVZc9LndVW4PbwIhRpsY1IPo=

asap@~2.0.3:
  version "2.0.6"
  resolved "https://registry-npm.daojia-inc.com/asap/download/asap-2.0.6.tgz#e50347611d7e690943208bbdafebcbc2fb866d46"
  integrity sha1-5QNHYR1+aQlDIIu9r+vLwvuGbUY=

assert-never@^1.2.1:
  version "1.2.1"
  resolved "https://registry-npm.daojia-inc.com/assert-never/download/assert-never-1.2.1.tgz#11f0e363bf146205fb08193b5c7b90f4d1cf44fe"
  integrity sha1-EfDjY78UYgX7CBk7XHuQ9NHPRP4=

babel-walk@3.0.0-canary-5:
  version "3.0.0-canary-5"
  resolved "https://registry-npm.daojia-inc.com/babel-walk/download/babel-walk-3.0.0-canary-5.tgz#f66ecd7298357aee44955f235a6ef54219104b11"
  integrity sha1-9m7Ncpg1eu5ElV8jWm71QhkQSxE=
  dependencies:
    "@babel/types" "^7.9.6"

call-bind@^1.0.2:
  version "1.0.2"
  resolved "https://registry-npm.daojia-inc.com/call-bind/download/call-bind-1.0.2.tgz#b1d4e89e688119c3c9a903ad30abb2f6a919be3c"
  integrity sha1-sdTonmiBGcPJqQOtMKuy9qkZvjw=
  dependencies:
    function-bind "^1.1.1"
    get-intrinsic "^1.0.2"

character-parser@^2.2.0:
  version "2.2.0"
  resolved "https://registry-npm.daojia-inc.com/character-parser/download/character-parser-2.2.0.tgz#c7ce28f36d4bcd9744e5ffc2c5fcde1c73261fc0"
  integrity sha1-x84o821LzZdE5f/CxfzeHHMmH8A=
  dependencies:
    is-regex "^1.0.3"

constantinople@^4.0.1:
  version "4.0.1"
  resolved "https://registry-npm.daojia-inc.com/constantinople/download/constantinople-4.0.1.tgz#0def113fa0e4dc8de83331a5cf79c8b325213151"
  integrity sha1-De8RP6Dk3I3oMzGlz3nIsyUhMVE=
  dependencies:
    "@babel/parser" "^7.6.0"
    "@babel/types" "^7.6.1"

csstype@^2.6.8:
  version "2.6.20"
  resolved "https://registry-npm.daojia-inc.com/csstype/download/csstype-2.6.20.tgz#9229c65ea0b260cf4d3d997cb06288e36a8d6dda"
  integrity sha1-kinGXqCyYM9NPZl8sGKI42qNbdo=

doctypes@^1.1.0:
  version "1.1.0"
  resolved "https://registry-npm.daojia-inc.com/doctypes/download/doctypes-1.1.0.tgz#ea80b106a87538774e8a3a4a5afe293de489e0a9"
  integrity sha1-6oCxBqh1OHdOijpKWv4pPeSJ4Kk=

dom-serializer@^1.0.1:
  version "1.4.1"
  resolved "https://registry-npm.daojia-inc.com/dom-serializer/download/dom-serializer-1.4.1.tgz#de5d41b1aea290215dc45a6dae8adcf1d32e2d30"
  integrity sha1-3l1Bsa6ikCFdxFptrorc8dMuLTA=
  dependencies:
    domelementtype "^2.0.1"
    domhandler "^4.2.0"
    entities "^2.0.0"

domelementtype@^2.0.1, domelementtype@^2.2.0:
  version "2.3.0"
  resolved "https://registry-npm.daojia-inc.com/domelementtype/download/domelementtype-2.3.0.tgz#5c45e8e869952626331d7aab326d01daf65d589d"
  integrity sha1-XEXo6GmVJiYzHXqrMm0B2vZdWJ0=

domhandler@^4.0.0, domhandler@^4.2.0:
  version "4.3.1"
  resolved "https://registry-npm.daojia-inc.com/domhandler/download/domhandler-4.3.1.tgz#8d792033416f59d68bc03a5aa7b018c1ca89279c"
  integrity sha1-jXkgM0FvWdaLwDpap7AYwcqJJ5w=
  dependencies:
    domelementtype "^2.2.0"

domutils@^2.5.2:
  version "2.8.0"
  resolved "https://registry-npm.daojia-inc.com/domutils/download/domutils-2.8.0.tgz#4437def5db6e2d1f5d6ee859bd95ca7d02048135"
  integrity sha1-RDfe9dtuLR9dbuhZvZXKfQIEgTU=
  dependencies:
    dom-serializer "^1.0.1"
    domelementtype "^2.2.0"
    domhandler "^4.2.0"

emmet@^2.3.0:
  version "2.3.6"
  resolved "https://registry-npm.daojia-inc.com/emmet/download/emmet-2.3.6.tgz#1d93c1ac03164da9ddf74864c1f341ed6ff6c336"
  integrity sha1-HZPBrAMWTand90hkwfNB7W/2wzY=
  dependencies:
    "@emmetio/abbreviation" "^2.2.3"
    "@emmetio/css-abbreviation" "^2.1.4"

entities@^2.0.0:
  version "2.2.0"
  resolved "https://registry-npm.daojia-inc.com/entities/download/entities-2.2.0.tgz#098dc90ebb83d8dffa089d55256b351d34c4da55"
  integrity sha1-CY3JDruD2N/6CJ1VJWs1HTTE2lU=

esbuild-android-64@0.14.51:
  version "0.14.51"
  resolved "https://registry-npm.daojia-inc.com/esbuild-android-64/download/esbuild-android-64-0.14.51.tgz#414a087cb0de8db1e347ecca6c8320513de433db"
  integrity sha1-QUoIfLDejbHjR+zKbIMgUT3kM9s=

esbuild-android-arm64@0.14.51:
  version "0.14.51"
  resolved "https://registry-npm.daojia-inc.com/esbuild-android-arm64/download/esbuild-android-arm64-0.14.51.tgz#55de3bce2aab72bcd2b606da4318ad00fb9c8151"
  integrity sha1-Vd47ziqrcrzStgbaQxitAPucgVE=

esbuild-darwin-64@0.14.51:
  version "0.14.51"
  resolved "https://registry-npm.daojia-inc.com/esbuild-darwin-64/download/esbuild-darwin-64-0.14.51.tgz#4259f23ed6b4cea2ec8a28d87b7fb9801f093754"
  integrity sha1-QlnyPta0zqLsiijYe3+5gB8JN1Q=

esbuild-darwin-arm64@0.14.51:
  version "0.14.51"
  resolved "https://registry-npm.daojia-inc.com/esbuild-darwin-arm64/download/esbuild-darwin-arm64-0.14.51.tgz#d77b4366a71d84e530ba019d540b538b295d494a"
  integrity sha1-13tDZqcdhOUwugGdVAtTiyldSUo=

esbuild-freebsd-64@0.14.51:
  version "0.14.51"
  resolved "https://registry-npm.daojia-inc.com/esbuild-freebsd-64/download/esbuild-freebsd-64-0.14.51.tgz#27b6587b3639f10519c65e07219d249b01f2ad38"
  integrity sha1-J7ZYezY58QUZxl4HIZ0kmwHyrTg=

esbuild-freebsd-arm64@0.14.51:
  version "0.14.51"
  resolved "https://registry-npm.daojia-inc.com/esbuild-freebsd-arm64/download/esbuild-freebsd-arm64-0.14.51.tgz#63c435917e566808c71fafddc600aca4d78be1ec"
  integrity sha1-Y8Q1kX5WaAjHH6/dxgCspNeL4ew=

esbuild-linux-32@0.14.51:
  version "0.14.51"
  resolved "https://registry-npm.daojia-inc.com/esbuild-linux-32/download/esbuild-linux-32-0.14.51.tgz#c3da774143a37e7f11559b9369d98f11f997a5d9"
  integrity sha1-w9p3QUOjfn8RVZuTadmPEfmXpdk=

esbuild-linux-64@0.14.51:
  version "0.14.51"
  resolved "https://registry-npm.daojia-inc.com/esbuild-linux-64/download/esbuild-linux-64-0.14.51.tgz#5d92b67f674e02ae0b4a9de9a757ba482115c4ae"
  integrity sha1-XZK2f2dOAq4LSp3pp1e6SCEVxK4=

esbuild-linux-arm64@0.14.51:
  version "0.14.51"
  resolved "https://registry-npm.daojia-inc.com/esbuild-linux-arm64/download/esbuild-linux-arm64-0.14.51.tgz#dac84740516e859d8b14e1ecc478dd5241b10c93"
  integrity sha1-2shHQFFuhZ2LFOHsxHjdUkGxDJM=

esbuild-linux-arm@0.14.51:
  version "0.14.51"
  resolved "https://registry-npm.daojia-inc.com/esbuild-linux-arm/download/esbuild-linux-arm-0.14.51.tgz#b3ae7000696cd53ed95b2b458554ff543a60e106"
  integrity sha1-s65wAGls1T7ZWytFhVT/VDpg4QY=

esbuild-linux-mips64le@0.14.51:
  version "0.14.51"
  resolved "https://registry-npm.daojia-inc.com/esbuild-linux-mips64le/download/esbuild-linux-mips64le-0.14.51.tgz#dad10770fac94efa092b5a0643821c955a9dd385"
  integrity sha1-2tEHcPrJTvoJK1oGQ4IclVqd04U=

esbuild-linux-ppc64le@0.14.51:
  version "0.14.51"
  resolved "https://registry-npm.daojia-inc.com/esbuild-linux-ppc64le/download/esbuild-linux-ppc64le-0.14.51.tgz#b68c2f8294d012a16a88073d67e976edd4850ae0"
  integrity sha1-towvgpTQEqFqiAc9Z+l27dSFCuA=

esbuild-linux-riscv64@0.14.51:
  version "0.14.51"
  resolved "https://registry-npm.daojia-inc.com/esbuild-linux-riscv64/download/esbuild-linux-riscv64-0.14.51.tgz#608a318b8697123e44c1e185cdf6708e3df50b93"
  integrity sha1-YIoxi4aXEj5EweGFzfZwjj31C5M=

esbuild-linux-s390x@0.14.51:
  version "0.14.51"
  resolved "https://registry-npm.daojia-inc.com/esbuild-linux-s390x/download/esbuild-linux-s390x-0.14.51.tgz#c9e7791170a3295dba79b93aa452beb9838a8625"
  integrity sha1-yed5EXCjKV26ebk6pFK+uYOKhiU=

esbuild-netbsd-64@0.14.51:
  version "0.14.51"
  resolved "https://registry-npm.daojia-inc.com/esbuild-netbsd-64/download/esbuild-netbsd-64-0.14.51.tgz#0abd40b8c2e37fda6f5cc41a04cb2b690823d891"
  integrity sha1-Cr1AuMLjf9pvXMQaBMsraQgj2JE=

esbuild-openbsd-64@0.14.51:
  version "0.14.51"
  resolved "https://registry-npm.daojia-inc.com/esbuild-openbsd-64/download/esbuild-openbsd-64-0.14.51.tgz#4adba0b7ea7eb1428bb00d8e94c199a949b130e8"
  integrity sha1-Stugt+p+sUKLsA2OlMGZqUmxMOg=

esbuild-sunos-64@0.14.51:
  version "0.14.51"
  resolved "https://registry-npm.daojia-inc.com/esbuild-sunos-64/download/esbuild-sunos-64-0.14.51.tgz#4b8a6d97dfedda30a6e39607393c5c90ebf63891"
  integrity sha1-S4ptl9/t2jCm45YHOTxckOv2OJE=

esbuild-windows-32@0.14.51:
  version "0.14.51"
  resolved "https://registry-npm.daojia-inc.com/esbuild-windows-32/download/esbuild-windows-32-0.14.51.tgz#d31d8ca0c1d314fb1edea163685a423b62e9ac17"
  integrity sha1-0x2MoMHTFPse3qFjaFpCO2LprBc=

esbuild-windows-64@0.14.51:
  version "0.14.51"
  resolved "https://registry-npm.daojia-inc.com/esbuild-windows-64/download/esbuild-windows-64-0.14.51.tgz#7d3c09c8652d222925625637bdc7e6c223e0085d"
  integrity sha1-fTwJyGUtIiklYlY3vcfmwiPgCF0=

esbuild-windows-arm64@0.14.51:
  version "0.14.51"
  resolved "https://registry-npm.daojia-inc.com/esbuild-windows-arm64/download/esbuild-windows-arm64-0.14.51.tgz#0220d2304bfdc11bc27e19b2aaf56edf183e4ae9"
  integrity sha1-AiDSMEv9wRvCfhmyqvVu3xg+Suk=

esbuild@^0.14.27:
  version "0.14.51"
  resolved "https://registry-npm.daojia-inc.com/esbuild/download/esbuild-0.14.51.tgz#1c8ecbc8db3710da03776211dc3ee3448f7aa51e"
  integrity sha1-HI7LyNs3ENoDd2IR3D7jRI96pR4=
  optionalDependencies:
    esbuild-android-64 "0.14.51"
    esbuild-android-arm64 "0.14.51"
    esbuild-darwin-64 "0.14.51"
    esbuild-darwin-arm64 "0.14.51"
    esbuild-freebsd-64 "0.14.51"
    esbuild-freebsd-arm64 "0.14.51"
    esbuild-linux-32 "0.14.51"
    esbuild-linux-64 "0.14.51"
    esbuild-linux-arm "0.14.51"
    esbuild-linux-arm64 "0.14.51"
    esbuild-linux-mips64le "0.14.51"
    esbuild-linux-ppc64le "0.14.51"
    esbuild-linux-riscv64 "0.14.51"
    esbuild-linux-s390x "0.14.51"
    esbuild-netbsd-64 "0.14.51"
    esbuild-openbsd-64 "0.14.51"
    esbuild-sunos-64 "0.14.51"
    esbuild-windows-32 "0.14.51"
    esbuild-windows-64 "0.14.51"
    esbuild-windows-arm64 "0.14.51"

estree-walker@^2.0.2:
  version "2.0.2"
  resolved "https://registry-npm.daojia-inc.com/estree-walker/download/estree-walker-2.0.2.tgz#52f010178c2a4c117a7757cfe942adb7d2da4cac"
  integrity sha1-UvAQF4wqTBF6d1fP6UKtt9LaTKw=

fsevents@~2.3.2:
  version "2.3.2"
  resolved "https://registry-npm.daojia-inc.com/fsevents/download/fsevents-2.3.2.tgz#8a526f78b8fdf4623b709e0b975c52c24c02fd1a"
  integrity sha1-ilJveLj99GI7cJ4Ll1xSwkwC/Ro=

function-bind@^1.1.1:
  version "1.1.1"
  resolved "https://registry-npm.daojia-inc.com/function-bind/download/function-bind-1.1.1.tgz#a56899d3ea3c9bab874bb9773b7c5ede92f4895d"
  integrity sha1-pWiZ0+o8m6uHS7l3O3xe3pL0iV0=

get-intrinsic@^1.0.2:
  version "1.1.1"
  resolved "https://registry-npm.daojia-inc.com/get-intrinsic/download/get-intrinsic-1.1.1.tgz#15f59f376f855c446963948f0d24cd3637b4abc6"
  integrity sha1-FfWfN2+FXERpY5SPDSTNNje0q8Y=
  dependencies:
    function-bind "^1.1.1"
    has "^1.0.3"
    has-symbols "^1.0.1"

has-symbols@^1.0.1, has-symbols@^1.0.2:
  version "1.0.3"
  resolved "https://registry-npm.daojia-inc.com/has-symbols/download/has-symbols-1.0.3.tgz#bb7b2c4349251dce87b125f7bdf874aa7c8b39f8"
  integrity sha1-u3ssQ0klHc6HsSX3vfh0qnyLOfg=

has-tostringtag@^1.0.0:
  version "1.0.0"
  resolved "https://registry-npm.daojia-inc.com/has-tostringtag/download/has-tostringtag-1.0.0.tgz#7e133818a7d394734f941e73c3d3f9291e658b25"
  integrity sha1-fhM4GKfTlHNPlB5zw9P5KR5liyU=
  dependencies:
    has-symbols "^1.0.2"

has@^1.0.3:
  version "1.0.3"
  resolved "https://registry-npm.daojia-inc.com/has/download/has-1.0.3.tgz#722d7cbfc1f6aa8241f16dd814e011e1f41e8796"
  integrity sha1-ci18v8H2qoJB8W3YFOAR4fQeh5Y=
  dependencies:
    function-bind "^1.1.1"

htmlparser2@^6.1.0:
  version "6.1.0"
  resolved "https://registry-npm.daojia-inc.com/htmlparser2/download/htmlparser2-6.1.0.tgz#c4d762b6c3371a05dbe65e94ae43a9f845fb8fb7"
  integrity sha1-xNditsM3GgXb5l6UrkOp+EX7j7c=
  dependencies:
    domelementtype "^2.0.1"
    domhandler "^4.0.0"
    domutils "^2.5.2"
    entities "^2.0.0"

is-core-module@^2.9.0:
  version "2.9.0"
  resolved "https://registry-npm.daojia-inc.com/is-core-module/download/is-core-module-2.9.0.tgz#e1c34429cd51c6dd9e09e0799e396e27b19a9c69"
  integrity sha1-4cNEKc1Rxt2eCeB5njluJ7GanGk=
  dependencies:
    has "^1.0.3"

is-expression@^4.0.0:
  version "4.0.0"
  resolved "https://registry-npm.daojia-inc.com/is-expression/download/is-expression-4.0.0.tgz#c33155962abf21d0afd2552514d67d2ec16fd2ab"
  integrity sha1-wzFVliq/IdCv0lUlFNZ9LsFv0qs=
  dependencies:
    acorn "^7.1.1"
    object-assign "^4.1.1"

is-promise@^2.0.0:
  version "2.2.2"
  resolved "https://registry-npm.daojia-inc.com/is-promise/download/is-promise-2.2.2.tgz#39ab959ccbf9a774cf079f7b40c7a26f763135f1"
  integrity sha1-OauVnMv5p3TPB597QMeib3YxNfE=

is-regex@^1.0.3:
  version "1.1.4"
  resolved "https://registry-npm.daojia-inc.com/is-regex/download/is-regex-1.1.4.tgz#eef5663cd59fa4c0ae339505323df6854bb15958"
  integrity sha1-7vVmPNWfpMCuM5UFMj32hUuxWVg=
  dependencies:
    call-bind "^1.0.2"
    has-tostringtag "^1.0.0"

js-stringify@^1.0.2:
  version "1.0.2"
  resolved "https://registry-npm.daojia-inc.com/js-stringify/download/js-stringify-1.0.2.tgz#1736fddfd9724f28a3682adc6230ae7e4e9679db"
  integrity sha1-Fzb939lyTyijaCrcYjCufk6Weds=

jsonc-parser@^2.3.0:
  version "2.3.1"
  resolved "https://registry-npm.daojia-inc.com/jsonc-parser/download/jsonc-parser-2.3.1.tgz#59549150b133f2efacca48fe9ce1ec0659af2342"
  integrity sha1-WVSRULEz8u+sykj+nOHsBlmvI0I=

jsonc-parser@^3.0.0:
  version "3.1.0"
  resolved "https://registry-npm.daojia-inc.com/jsonc-parser/download/jsonc-parser-3.1.0.tgz#73b8f0e5c940b83d03476bc2e51a20ef0932615d"
  integrity sha1-c7jw5clAuD0DR2vC5Rog7wkyYV0=

jstransformer@1.0.0:
  version "1.0.0"
  resolved "https://registry-npm.daojia-inc.com/jstransformer/download/jstransformer-1.0.0.tgz#ed8bf0921e2f3f1ed4d5c1a44f68709ed24722c3"
  integrity sha1-7Yvwkh4vPx7U1cGkT2hwntJHIsM=
  dependencies:
    is-promise "^2.0.0"
    promise "^7.0.1"

lru-cache@^6.0.0:
  version "6.0.0"
  resolved "https://registry-npm.daojia-inc.com/lru-cache/download/lru-cache-6.0.0.tgz#6d6fe6570ebd96aaf90fcad1dafa3b2566db3a94"
  integrity sha1-bW/mVw69lqr5D8rR2vo7JWbbOpQ=
  dependencies:
    yallist "^4.0.0"

magic-string@^0.25.7:
  version "0.25.9"
  resolved "https://registry-npm.daojia-inc.com/magic-string/download/magic-string-0.25.9.tgz#de7f9faf91ef8a1c91d02c2e5314c8277dbcdd1c"
  integrity sha1-3n+fr5HvihyR0CwuUxTIJ3283Rw=
  dependencies:
    sourcemap-codec "^1.4.8"

nanoid@^3.3.4:
  version "3.3.4"
  resolved "https://registry-npm.daojia-inc.com/nanoid/download/nanoid-3.3.4.tgz#730b67e3cd09e2deacf03c027c81c9d9dbc5e8ab"
  integrity sha1-cwtn480J4t6s8DwCfIHJ2dvF6Ks=

object-assign@^4.1.1:
  version "4.1.1"
  resolved "https://registry-npm.daojia-inc.com/object-assign/download/object-assign-4.1.1.tgz#2109adc7965887cfc05cbbd442cac8bfbb360863"
  integrity sha1-IQmtx5ZYh8/AXLvUQsrIv7s2CGM=

path-parse@^1.0.7:
  version "1.0.7"
  resolved "https://registry-npm.daojia-inc.com/path-parse/download/path-parse-1.0.7.tgz#fbc114b60ca42b30d9daf5858e4bd68bbedb6735"
  integrity sha1-+8EUtgykKzDZ2vWFjkvWi77bZzU=

picocolors@^1.0.0:
  version "1.0.0"
  resolved "https://registry-npm.daojia-inc.com/picocolors/download/picocolors-1.0.0.tgz#cb5bdc74ff3f51892236eaf79d68bc44564ab81c"
  integrity sha1-y1vcdP8/UYkiNur3nWi8RFZKuBw=

postcss@^8.1.10, postcss@^8.4.13:
  version "8.4.14"
  resolved "https://registry-npm.daojia-inc.com/postcss/download/postcss-8.4.14.tgz#ee9274d5622b4858c1007a74d76e42e56fd21caf"
  integrity sha1-7pJ01WIrSFjBAHp0125C5W/SHK8=
  dependencies:
    nanoid "^3.3.4"
    picocolors "^1.0.0"
    source-map-js "^1.0.2"

promise@^7.0.1:
  version "7.3.1"
  resolved "https://registry-npm.daojia-inc.com/promise/download/promise-7.3.1.tgz#064b72602b18f90f29192b8b1bc418ffd1ebd3bf"
  integrity sha1-BktyYCsY+Q8pGSuLG8QY/9Hr078=
  dependencies:
    asap "~2.0.3"

pug-attrs@^3.0.0:
  version "3.0.0"
  resolved "https://registry-npm.daojia-inc.com/pug-attrs/download/pug-attrs-3.0.0.tgz#b10451e0348165e31fad1cc23ebddd9dc7347c41"
  integrity sha1-sQRR4DSBZeMfrRzCPr3dncc0fEE=
  dependencies:
    constantinople "^4.0.1"
    js-stringify "^1.0.2"
    pug-runtime "^3.0.0"

pug-code-gen@^3.0.2:
  version "3.0.2"
  resolved "https://registry-npm.daojia-inc.com/pug-code-gen/download/pug-code-gen-3.0.2.tgz#ad190f4943133bf186b60b80de483100e132e2ce"
  integrity sha1-rRkPSUMTO/GGtguA3kgxAOEy4s4=
  dependencies:
    constantinople "^4.0.1"
    doctypes "^1.1.0"
    js-stringify "^1.0.2"
    pug-attrs "^3.0.0"
    pug-error "^2.0.0"
    pug-runtime "^3.0.0"
    void-elements "^3.1.0"
    with "^7.0.0"

pug-error@^2.0.0:
  version "2.0.0"
  resolved "https://registry-npm.daojia-inc.com/pug-error/download/pug-error-2.0.0.tgz#5c62173cb09c34de2a2ce04f17b8adfec74d8ca5"
  integrity sha1-XGIXPLCcNN4qLOBPF7it/sdNjKU=

pug-filters@^4.0.0:
  version "4.0.0"
  resolved "https://registry-npm.daojia-inc.com/pug-filters/download/pug-filters-4.0.0.tgz#d3e49af5ba8472e9b7a66d980e707ce9d2cc9b5e"
  integrity sha1-0+Sa9bqEcum3pm2YDnB86dLMm14=
  dependencies:
    constantinople "^4.0.1"
    jstransformer "1.0.0"
    pug-error "^2.0.0"
    pug-walk "^2.0.0"
    resolve "^1.15.1"

pug-lexer@^5.0.1:
  version "5.0.1"
  resolved "https://registry-npm.daojia-inc.com/pug-lexer/download/pug-lexer-5.0.1.tgz#ae44628c5bef9b190b665683b288ca9024b8b0d5"
  integrity sha1-rkRijFvvmxkLZlaDsojKkCS4sNU=
  dependencies:
    character-parser "^2.2.0"
    is-expression "^4.0.0"
    pug-error "^2.0.0"

pug-linker@^4.0.0:
  version "4.0.0"
  resolved "https://registry-npm.daojia-inc.com/pug-linker/download/pug-linker-4.0.0.tgz#12cbc0594fc5a3e06b9fc59e6f93c146962a7708"
  integrity sha1-EsvAWU/Fo+Brn8Web5PBRpYqdwg=
  dependencies:
    pug-error "^2.0.0"
    pug-walk "^2.0.0"

pug-load@^3.0.0:
  version "3.0.0"
  resolved "https://registry-npm.daojia-inc.com/pug-load/download/pug-load-3.0.0.tgz#9fd9cda52202b08adb11d25681fb9f34bd41b662"
  integrity sha1-n9nNpSICsIrbEdJWgfufNL1BtmI=
  dependencies:
    object-assign "^4.1.1"
    pug-walk "^2.0.0"

pug-parser@^6.0.0:
  version "6.0.0"
  resolved "https://registry-npm.daojia-inc.com/pug-parser/download/pug-parser-6.0.0.tgz#a8fdc035863a95b2c1dc5ebf4ecf80b4e76a1260"
  integrity sha1-qP3ANYY6lbLB3F6/Ts+AtOdqEmA=
  dependencies:
    pug-error "^2.0.0"
    token-stream "1.0.0"

pug-runtime@^3.0.0, pug-runtime@^3.0.1:
  version "3.0.1"
  resolved "https://registry-npm.daojia-inc.com/pug-runtime/download/pug-runtime-3.0.1.tgz#f636976204723f35a8c5f6fad6acda2a191b83d7"
  integrity sha1-9jaXYgRyPzWoxfb61qzaKhkbg9c=

pug-strip-comments@^2.0.0:
  version "2.0.0"
  resolved "https://registry-npm.daojia-inc.com/pug-strip-comments/download/pug-strip-comments-2.0.0.tgz#f94b07fd6b495523330f490a7f554b4ff876303e"
  integrity sha1-+UsH/WtJVSMzD0kKf1VLT/h2MD4=
  dependencies:
    pug-error "^2.0.0"

pug-walk@^2.0.0:
  version "2.0.0"
  resolved "https://registry-npm.daojia-inc.com/pug-walk/download/pug-walk-2.0.0.tgz#417aabc29232bb4499b5b5069a2b2d2a24d5f5fe"
  integrity sha1-QXqrwpIyu0SZtbUGmistKiTV9f4=

pug@^3.0.2:
  version "3.0.2"
  resolved "https://registry-npm.daojia-inc.com/pug/download/pug-3.0.2.tgz#f35c7107343454e43bc27ae0ff76c731b78ea535"
  integrity sha1-81xxBzQ0VOQ7wnrg/3bHMbeOpTU=
  dependencies:
    pug-code-gen "^3.0.2"
    pug-filters "^4.0.0"
    pug-lexer "^5.0.1"
    pug-linker "^4.0.0"
    pug-load "^3.0.0"
    pug-parser "^6.0.0"
    pug-runtime "^3.0.1"
    pug-strip-comments "^2.0.0"

request-light@^0.5.4:
  version "0.5.8"
  resolved "https://registry-npm.daojia-inc.com/request-light/download/request-light-0.5.8.tgz#8bf73a07242b9e7b601fac2fa5dc22a094abcc27"
  integrity sha1-i/c6ByQrnntgH6wvpdwioJSrzCc=

resolve@^1.15.1, resolve@^1.22.0:
  version "1.22.1"
  resolved "https://registry-npm.daojia-inc.com/resolve/download/resolve-1.22.1.tgz#27cb2ebb53f91abb49470a928bba7558066ac177"
  integrity sha1-J8suu1P5GrtJRwqSi7p1WAZqwXc=
  dependencies:
    is-core-module "^2.9.0"
    path-parse "^1.0.7"
    supports-preserve-symlinks-flag "^1.0.0"

rollup@^2.59.0:
  version "2.77.2"
  resolved "https://registry-npm.daojia-inc.com/rollup/download/rollup-2.77.2.tgz#6b6075c55f9cc2040a5912e6e062151e42e2c4e3"
  integrity sha1-a2B1xV+cwgQKWRLm4GIVHkLixOM=
  optionalDependencies:
    fsevents "~2.3.2"

semver@^7.3.5:
  version "7.3.7"
  resolved "https://registry-npm.daojia-inc.com/semver/download/semver-7.3.7.tgz#12c5b649afdbf9049707796e22a4028814ce523f"
  integrity sha1-EsW2Sa/b+QSXB3luIqQCiBTOUj8=
  dependencies:
    lru-cache "^6.0.0"

source-map-js@^1.0.2:
  version "1.0.2"
  resolved "https://registry-npm.daojia-inc.com/source-map-js/download/source-map-js-1.0.2.tgz#adbc361d9c62df380125e7f161f71c826f1e490c"
  integrity sha1-rbw2HZxi3zgBJefxYfccgm8eSQw=

source-map@^0.6.1:
  version "0.6.1"
  resolved "https://registry-npm.daojia-inc.com/source-map/download/source-map-0.6.1.tgz#74722af32e9614e9c287a8d0bbde48b5e2f1a263"
  integrity sha1-dHIq8y6WFOnCh6jQu95IteLxomM=

sourcemap-codec@^1.4.8:
  version "1.4.8"
  resolved "https://registry-npm.daojia-inc.com/sourcemap-codec/download/sourcemap-codec-1.4.8.tgz#ea804bd94857402e6992d05a38ef1ae35a9ab4c4"
  integrity sha1-6oBL2UhXQC5pktBaOO8a41qatMQ=

supports-preserve-symlinks-flag@^1.0.0:
  version "1.0.0"
  resolved "https://registry-npm.daojia-inc.com/supports-preserve-symlinks-flag/download/supports-preserve-symlinks-flag-1.0.0.tgz#6eda4bd344a3c94aea376d4cc31bc77311039e09"
  integrity sha1-btpL00SjyUrqN21MwxvHcxEDngk=

to-fast-properties@^2.0.0:
  version "2.0.0"
  resolved "https://registry-npm.daojia-inc.com/to-fast-properties/download/to-fast-properties-2.0.0.tgz#dc5e698cbd079265bc73e0377681a4e4e83f616e"
  integrity sha1-3F5pjL0HkmW8c+A3doGk5Og/YW4=

token-stream@1.0.0:
  version "1.0.0"
  resolved "https://registry-npm.daojia-inc.com/token-stream/download/token-stream-1.0.0.tgz#cc200eab2613f4166d27ff9afc7ca56d49df6eb4"
  integrity sha1-zCAOqyYT9BZtJ/+a/HylbUnfbrQ=

typescript@^4.3.2:
  version "4.7.4"
  resolved "https://registry-npm.daojia-inc.com/typescript/download/typescript-4.7.4.tgz#1a88596d1cf47d59507a1bcdfb5b9dfe4d488235"
  integrity sha1-GohZbRz0fVlQehvN+1ud/k1IgjU=

upath@^2.0.1:
  version "2.0.1"
  resolved "https://registry-npm.daojia-inc.com/upath/download/upath-2.0.1.tgz#50c73dea68d6f6b990f51d279ce6081665d61a8b"
  integrity sha1-UMc96mjW9rmQ9R0nnOYIFmXWGos=

vite@^2.4.4:
  version "2.9.14"
  resolved "https://registry-npm.daojia-inc.com/vite/download/vite-2.9.14.tgz#c438324c6594afd1050df3777da981dee988bb1b"
  integrity sha1-xDgyTGWUr9EFDfN3famB3umIuxs=
  dependencies:
    esbuild "^0.14.27"
    postcss "^8.4.13"
    resolve "^1.22.0"
    rollup "^2.59.0"
  optionalDependencies:
    fsevents "~2.3.2"

void-elements@^3.1.0:
  version "3.1.0"
  resolved "https://registry-npm.daojia-inc.com/void-elements/download/void-elements-3.1.0.tgz#614f7fbf8d801f0bb5f0661f5b2f5785750e4f09"
  integrity sha1-YU9/v42AHwu18GYfWy9XhXUOTwk=

vscode-css-languageservice@^5.1.4:
  version "5.4.2"
  resolved "https://registry-npm.daojia-inc.com/vscode-css-languageservice/download/vscode-css-languageservice-5.4.2.tgz#69ea74c000bd653dfc8e458a1720d28b9ffa5cfb"
  integrity sha1-aep0wAC9ZT38jkWKFyDSi5/6XPs=
  dependencies:
    vscode-languageserver-textdocument "^1.0.4"
    vscode-languageserver-types "^3.16.0"
    vscode-nls "^5.0.0"
    vscode-uri "^3.0.3"

vscode-html-languageservice@^4.0.7:
  version "4.2.5"
  resolved "https://registry-npm.daojia-inc.com/vscode-html-languageservice/download/vscode-html-languageservice-4.2.5.tgz#c0cc8ff3d824d16388bbac187e1828749eccf006"
  integrity sha1-wMyP89gk0WOIu6wYfhgodJ7M8AY=
  dependencies:
    vscode-languageserver-textdocument "^1.0.4"
    vscode-languageserver-types "^3.16.0"
    vscode-nls "^5.0.0"
    vscode-uri "^3.0.3"

vscode-json-languageservice@^4.1.7:
  version "4.2.1"
  resolved "https://registry-npm.daojia-inc.com/vscode-json-languageservice/download/vscode-json-languageservice-4.2.1.tgz#94b6f471ece193bf4a1ef37f6ab5cce86d50a8b4"
  integrity sha1-lLb0cezhk79KHvN/arXM6G1QqLQ=
  dependencies:
    jsonc-parser "^3.0.0"
    vscode-languageserver-textdocument "^1.0.3"
    vscode-languageserver-types "^3.16.0"
    vscode-nls "^5.0.0"
    vscode-uri "^3.0.3"

vscode-jsonrpc@8.0.2, vscode-jsonrpc@^8.0.0-next.2:
  version "8.0.2"
  resolved "https://registry-npm.daojia-inc.com/vscode-jsonrpc/download/vscode-jsonrpc-8.0.2.tgz#f239ed2cd6004021b6550af9fd9d3e47eee3cac9"
  integrity sha1-8jntLNYAQCG2VQr5/Z0+R+7jysk=

vscode-languageserver-protocol@3.17.2:
  version "3.17.2"
  resolved "https://registry-npm.daojia-inc.com/vscode-languageserver-protocol/download/vscode-languageserver-protocol-3.17.2.tgz#beaa46aea06ed061576586c5e11368a9afc1d378"
  integrity sha1-vqpGrqBu0GFXZYbF4RNoqa/B03g=
  dependencies:
    vscode-jsonrpc "8.0.2"
    vscode-languageserver-types "3.17.2"

vscode-languageserver-textdocument@^1.0.1, vscode-languageserver-textdocument@^1.0.3, vscode-languageserver-textdocument@^1.0.4:
  version "1.0.5"
  resolved "https://registry-npm.daojia-inc.com/vscode-languageserver-textdocument/download/vscode-languageserver-textdocument-1.0.5.tgz#838769940ece626176ec5d5a2aa2d0aa69f5095c"
  integrity sha1-g4dplA7OYmF27F1aKqLQqmn1CVw=

vscode-languageserver-types@3.17.2, vscode-languageserver-types@^3.15.1, vscode-languageserver-types@^3.16.0:
  version "3.17.2"
  resolved "https://registry-npm.daojia-inc.com/vscode-languageserver-types/download/vscode-languageserver-types-3.17.2.tgz#b2c2e7de405ad3d73a883e91989b850170ffc4f2"
  integrity sha1-ssLn3kBa09c6iD6RmJuFAXD/xPI=

vscode-languageserver@^8.0.0-next.2:
  version "8.0.2"
  resolved "https://registry-npm.daojia-inc.com/vscode-languageserver/download/vscode-languageserver-8.0.2.tgz#cfe2f0996d9dfd40d3854e786b2821604dfec06d"
  integrity sha1-z+LwmW2d/UDThU54ayghYE3+wG0=
  dependencies:
    vscode-languageserver-protocol "3.17.2"

vscode-nls@^5.0.0:
  version "5.0.1"
  resolved "https://registry-npm.daojia-inc.com/vscode-nls/download/vscode-nls-5.0.1.tgz#ba23fc4d4420d25e7f886c8e83cbdcec47aa48b2"
  integrity sha1-uiP8TUQg0l5/iGyOg8vc7EeqSLI=

vscode-pug-languageservice@^0.27.24:
  version "0.27.24"
  resolved "https://registry-npm.daojia-inc.com/vscode-pug-languageservice/download/vscode-pug-languageservice-0.27.24.tgz#fa805c4d3e33dee3681e660a0767136738e68370"
  integrity sha1-+oBcTT4z3uNoHmYKB2cTZzjmg3A=
  dependencies:
    "@volar/code-gen" "^0.27.24"
    "@volar/shared" "^0.27.24"
    "@volar/source-map" "^0.27.24"
    "@volar/transforms" "^0.27.24"
    pug-lexer "^5.0.1"
    pug-parser "^6.0.0"
    vscode-languageserver "^8.0.0-next.2"

vscode-typescript-languageservice@^0.27.25:
  version "0.27.25"
  resolved "https://registry-npm.daojia-inc.com/vscode-typescript-languageservice/download/vscode-typescript-languageservice-0.27.25.tgz#acd211723b600108c25515388b75d55ce15bb056"
  integrity sha1-rNIRcjtgAQjCVRU4i3XVXOFbsFY=
  dependencies:
    "@volar/shared" "^0.27.24"
    semver "^7.3.5"
    upath "^2.0.1"
    vscode-languageserver "^8.0.0-next.2"
    vscode-languageserver-textdocument "^1.0.1"

vscode-uri@^2.1.2:
  version "2.1.2"
  resolved "https://registry-npm.daojia-inc.com/vscode-uri/download/vscode-uri-2.1.2.tgz#c8d40de93eb57af31f3c715dd650e2ca2c096f1c"
  integrity sha1-yNQN6T61evMfPHFd1lDiyiwJbxw=

vscode-uri@^3.0.2, vscode-uri@^3.0.3:
  version "3.0.3"
  resolved "https://registry-npm.daojia-inc.com/vscode-uri/download/vscode-uri-3.0.3.tgz#a95c1ce2e6f41b7549f86279d19f47951e4f4d84"
  integrity sha1-qVwc4ub0G3VJ+GJ50Z9HlR5PTYQ=

vscode-vue-languageservice@^0.27.0:
  version "0.27.30"
  resolved "https://registry-npm.daojia-inc.com/vscode-vue-languageservice/download/vscode-vue-languageservice-0.27.30.tgz#1f32b0203dd233582f74a457428519a6318f039e"
  integrity sha1-HzKwID3SM1gvdKRXQoUZpjGPA54=
  dependencies:
    "@volar/code-gen" "^0.27.24"
    "@volar/html2pug" "^0.27.13"
    "@volar/shared" "^0.27.24"
    "@volar/source-map" "^0.27.24"
    "@volar/transforms" "^0.27.24"
    "@vscode/emmet-helper" "^2.7.0"
    "@vue/compiler-dom" "^3.2.19"
    "@vue/reactivity" "^3.2.19"
    "@vue/shared" "^3.2.19"
    request-light "^0.5.4"
    upath "^2.0.1"
    vscode-css-languageservice "^5.1.4"
    vscode-html-languageservice "^4.0.7"
    vscode-json-languageservice "^4.1.7"
    vscode-languageserver "^8.0.0-next.2"
    vscode-languageserver-textdocument "^1.0.1"
    vscode-pug-languageservice "^0.27.24"
    vscode-typescript-languageservice "^0.27.25"

vue-tsc@^0.2.2:
  version "0.2.3"
  resolved "https://registry-npm.daojia-inc.com/vue-tsc/download/vue-tsc-0.2.3.tgz#12bf48e3c9b1e553d31aad0c641722d5d15841d8"
  integrity sha1-Er9I48mx5VPTGq0MZBci1dFYQdg=
  dependencies:
    vscode-vue-languageservice "^0.27.0"

vue@^3.0.5:
  version "3.2.37"
  resolved "https://registry-npm.daojia-inc.com/vue/download/vue-3.2.37.tgz#da220ccb618d78579d25b06c7c21498ca4e5452e"
  integrity sha1-2iIMy2GNeFedJbBsfCFJjKTlRS4=
  dependencies:
    "@vue/compiler-dom" "3.2.37"
    "@vue/compiler-sfc" "3.2.37"
    "@vue/runtime-dom" "3.2.37"
    "@vue/server-renderer" "3.2.37"
    "@vue/shared" "3.2.37"

with@^7.0.0:
  version "7.0.2"
  resolved "https://registry-npm.daojia-inc.com/with/download/with-7.0.2.tgz#ccee3ad542d25538a7a7a80aad212b9828495bac"
  integrity sha1-zO461ULSVTinp6gKrSErmChJW6w=
  dependencies:
    "@babel/parser" "^7.9.6"
    "@babel/types" "^7.9.6"
    assert-never "^1.2.1"
    babel-walk "3.0.0-canary-5"

yallist@^4.0.0:
  version "4.0.0"
  resolved "https://registry-npm.daojia-inc.com/yallist/download/yallist-4.0.0.tgz#9bb92790d9c0effec63be73519e11a35019a3a72"
  integrity sha1-m7knkNnA7/7GO+c1GeEaNQGaOnI=
